{
    "version": 3,
    "terraform_version": "0.9.5",
    "serial": 38,
    "lineage": "76ca8e9e-c867-4d98-ab94-c460f864cc5f",
    "modules": [
        {
            "path": [
                "root"
            ],
            "outputs": {
                "FirewallManagementURL": {
                    "sensitive": false,
                    "type": "string",
                    "value": "https://34.195.14.123"
                },
                "WebURL": {
                    "sensitive": false,
                    "type": "string",
                    "value": "http://54.89.2.58"
                }
            },
            "resources": {
                "aws_eip.ManagementElasticIP": {
                    "type": "aws_eip",
                    "depends_on": [
                        "aws_internet_gateway.InternetGateway",
                        "aws_vpc.main"
                    ],
                    "primary": {
                        "id": "eipalloc-8bce95b8",
                        "attributes": {
                            "association_id": "eipassoc-5e2c766b",
                            "domain": "vpc",
                            "id": "eipalloc-8bce95b8",
                            "instance": "",
                            "network_interface": "eni-8571af24",
                            "private_ip": "10.0.0.99",
                            "public_ip": "34.195.14.123",
                            "vpc": "true"
                        },
                        "meta": {},
                        "tainted": false
                    },
                    "deposed": [],
                    "provider": ""
                },
                "aws_eip.PublicElasticIP": {
                    "type": "aws_eip",
                    "depends_on": [
                        "aws_internet_gateway.InternetGateway",
                        "aws_vpc.main"
                    ],
                    "primary": {
                        "id": "eipalloc-b7c29984",
                        "attributes": {
                            "association_id": "eipassoc-ae207a9b",
                            "domain": "vpc",
                            "id": "eipalloc-b7c29984",
                            "instance": "",
                            "network_interface": "eni-2d71af8c",
                            "private_ip": "10.0.0.100",
                            "public_ip": "54.89.2.58",
                            "vpc": "true"
                        },
                        "meta": {},
                        "tainted": false
                    },
                    "deposed": [],
                    "provider": ""
                },
                "aws_eip_association.FWEIPManagementAssociation": {
                    "type": "aws_eip_association",
                    "depends_on": [
                        "aws_eip.ManagementElasticIP",
                        "aws_network_interface.FWManagementNetworkInterface"
                    ],
                    "primary": {
                        "id": "eipassoc-5e2c766b",
                        "attributes": {
                            "allocation_id": "eipalloc-8bce95b8",
                            "id": "eipassoc-5e2c766b",
                            "instance_id": "",
                            "network_interface_id": "eni-8571af24",
                            "private_ip_address": "10.0.0.99",
                            "public_ip": "34.195.14.123"
                        },
                        "meta": {},
                        "tainted": false
                    },
                    "deposed": [],
                    "provider": ""
                },
                "aws_eip_association.FWEIPPublicAssociation": {
                    "type": "aws_eip_association",
                    "depends_on": [
                        "aws_eip.PublicElasticIP",
                        "aws_network_interface.FWPublicNetworkInterface"
                    ],
                    "primary": {
                        "id": "eipassoc-ae207a9b",
                        "attributes": {
                            "allocation_id": "eipalloc-b7c29984",
                            "id": "eipassoc-ae207a9b",
                            "instance_id": "",
                            "network_interface_id": "eni-2d71af8c",
                            "private_ip_address": "10.0.0.100",
                            "public_ip": "54.89.2.58"
                        },
                        "meta": {},
                        "tainted": false
                    },
                    "deposed": [],
                    "provider": ""
                },
                "aws_iam_instance_profile.FirewallBootstrapInstanceProfile2Tier": {
                    "type": "aws_iam_instance_profile",
                    "depends_on": [
                        "aws_iam_role.FirewallBootstrapRole2Tier"
                    ],
                    "primary": {
                        "id": "FirewallBootstrapInstanceProfile2Tier",
                        "attributes": {
                            "arn": "arn:aws:iam::140651570565:instance-profile/FirewallBootstrapInstanceProfile2Tier",
                            "id": "FirewallBootstrapInstanceProfile2Tier",
                            "name": "FirewallBootstrapInstanceProfile2Tier",
                            "path": "/",
                            "role": "FirewallBootstrapRole2Tier",
                            "roles.#": "1",
                            "roles.2090288173": "FirewallBootstrapRole2Tier",
                            "unique_id": "AIPAJTRHP5VPFL2BF7ANI"
                        },
                        "meta": {},
                        "tainted": false
                    },
                    "deposed": [],
                    "provider": ""
                },
                "aws_iam_role.FirewallBootstrapRole2Tier": {
                    "type": "aws_iam_role",
                    "depends_on": [],
                    "primary": {
                        "id": "FirewallBootstrapRole2Tier",
                        "attributes": {
                            "arn": "arn:aws:iam::140651570565:role/FirewallBootstrapRole2Tier",
                            "assume_role_policy": "{\"Version\":\"2012-10-17\",\"Statement\":[{\"Effect\":\"Allow\",\"Principal\":{\"Service\":\"ec2.amazonaws.com\"},\"Action\":\"sts:AssumeRole\"}]}",
                            "create_date": "2017-08-15T18:33:33Z",
                            "id": "FirewallBootstrapRole2Tier",
                            "name": "FirewallBootstrapRole2Tier",
                            "path": "/",
                            "unique_id": "AROAJZPNGGQVMDPHIGXUG"
                        },
                        "meta": {},
                        "tainted": false
                    },
                    "deposed": [],
                    "provider": ""
                },
                "aws_iam_role_policy.FirewallBootstrapRolePolicy2Tier": {
                    "type": "aws_iam_role_policy",
                    "depends_on": [
                        "aws_iam_role.FirewallBootstrapRole2Tier"
                    ],
                    "primary": {
                        "id": "FirewallBootstrapRole2Tier:FirewallBootstrapRolePolicy2Tier",
                        "attributes": {
                            "id": "FirewallBootstrapRole2Tier:FirewallBootstrapRolePolicy2Tier",
                            "name": "FirewallBootstrapRolePolicy2Tier",
                            "policy": "{\n  \"Version\" : \"2012-10-17\",\n  \"Statement\": [\n    {\n      \"Effect\": \"Allow\",\n      \"Action\": \"s3:ListBucket\",\n      \"Resource\": \"arn:aws:s3:::vv-2t-east\"\n    },\n    {\n    \"Effect\": \"Allow\",\n    \"Action\": \"s3:GetObject\",\n    \"Resource\": \"arn:aws:s3:::vv-2t-east/*\"\n    }\n  ]\n}\n",
                            "role": "FirewallBootstrapRole2Tier"
                        },
                        "meta": {},
                        "tainted": false
                    },
                    "deposed": [],
                    "provider": ""
                },
                "aws_instance.FWInstance": {
                    "type": "aws_instance",
                    "depends_on": [
                        "aws_iam_instance_profile.FirewallBootstrapInstanceProfile2Tier",
                        "aws_network_interface.FWManagementNetworkInterface",
                        "aws_network_interface.FWPrivate12NetworkInterface",
                        "aws_network_interface.FWPublicNetworkInterface"
                    ],
                    "primary": {
                        "id": "i-0ec7174881ad6937f",
                        "attributes": {
                            "ami": "ami-2127dc37",
                            "associate_public_ip_address": "true",
                            "availability_zone": "us-east-1a",
                            "disable_api_termination": "false",
                            "ebs_block_device.#": "0",
                            "ebs_optimized": "true",
                            "ephemeral_block_device.#": "0",
                            "iam_instance_profile": "FirewallBootstrapInstanceProfile2Tier",
                            "id": "i-0ec7174881ad6937f",
                            "instance_initiated_shutdown_behavior": "stop",
                            "instance_state": "running",
                            "instance_type": "m4.xlarge",
                            "ipv6_address_count": "0",
                            "ipv6_addresses.#": "0",
                            "key_name": "vv-pan-aws-n-virginia",
                            "monitoring": "false",
                            "network_interface.#": "3",
                            "network_interface.1197358164.delete_on_termination": "false",
                            "network_interface.1197358164.device_index": "2",
                            "network_interface.1197358164.network_interface_id": "eni-dd6ab47c",
                            "network_interface.2784462545.delete_on_termination": "false",
                            "network_interface.2784462545.device_index": "1",
                            "network_interface.2784462545.network_interface_id": "eni-2d71af8c",
                            "network_interface.3293078983.delete_on_termination": "false",
                            "network_interface.3293078983.device_index": "0",
                            "network_interface.3293078983.network_interface_id": "eni-8571af24",
                            "network_interface_id": "eni-8571af24",
                            "primary_network_interface_id": "eni-8571af24",
                            "private_dns": "ip-10-0-0-99.us-west-2.compute.internal",
                            "private_ip": "10.0.0.99",
                            "public_dns": "",
                            "public_ip": "34.195.14.123",
                            "root_block_device.#": "1",
                            "root_block_device.0.delete_on_termination": "true",
                            "root_block_device.0.iops": "180",
                            "root_block_device.0.volume_size": "60",
                            "root_block_device.0.volume_type": "gp2",
                            "security_groups.#": "0",
                            "source_dest_check": "false",
                            "subnet_id": "subnet-e60872ca",
                            "tags.%": "0",
                            "tenancy": "default",
                            "user_data": "a00f33dd116235bf57ca3102be81c41b60e50952",
                            "volume_tags.%": "0",
                            "vpc_security_group_ids.#": "1",
                            "vpc_security_group_ids.3260465985": "sg-7919be09"
                        },
                        "meta": {
                            "schema_version": "1"
                        },
                        "tainted": false
                    },
                    "deposed": [],
                    "provider": ""
                },
                "aws_instance.WPWebInstance": {
                    "type": "aws_instance",
                    "depends_on": [
                        "aws_eip.ManagementElasticIP",
                        "aws_network_interface.FWPrivate12NetworkInterface",
                        "aws_network_interface.WPNetworkInterface"
                    ],
                    "primary": {
                        "id": "i-0f2a20f8c312d182b",
                        "attributes": {
                            "ami": "ami-80861296",
                            "associate_public_ip_address": "false",
                            "availability_zone": "us-east-1a",
                            "disable_api_termination": "false",
                            "ebs_block_device.#": "0",
                            "ebs_optimized": "false",
                            "ephemeral_block_device.#": "0",
                            "iam_instance_profile": "",
                            "id": "i-0f2a20f8c312d182b",
                            "instance_initiated_shutdown_behavior": "stop",
                            "instance_state": "running",
                            "instance_type": "t2.micro",
                            "ipv6_address_count": "0",
                            "ipv6_addresses.#": "0",
                            "key_name": "vv-pan-aws-n-virginia",
                            "monitoring": "false",
                            "network_interface.#": "1",
                            "network_interface.1221276718.delete_on_termination": "false",
                            "network_interface.1221276718.device_index": "0",
                            "network_interface.1221276718.network_interface_id": "eni-ae6ab40f",
                            "network_interface_id": "eni-ae6ab40f",
                            "primary_network_interface_id": "eni-ae6ab40f",
                            "private_dns": "ip-10-0-1-101.us-west-2.compute.internal",
                            "private_ip": "10.0.1.101",
                            "public_dns": "",
                            "public_ip": "",
                            "root_block_device.#": "1",
                            "root_block_device.0.delete_on_termination": "true",
                            "root_block_device.0.iops": "100",
                            "root_block_device.0.volume_size": "8",
                            "root_block_device.0.volume_type": "gp2",
                            "security_groups.#": "0",
                            "source_dest_check": "false",
                            "subnet_id": "subnet-a6146e8a",
                            "tags.%": "0",
                            "tenancy": "default",
                            "user_data": "cf821fc9f52cefa285c014a743eb7130c8204fbb",
                            "volume_tags.%": "0",
                            "vpc_security_group_ids.#": "1",
                            "vpc_security_group_ids.3260465985": "sg-7919be09"
                        },
                        "meta": {
                            "schema_version": "1"
                        },
                        "tainted": false
                    },
                    "deposed": [],
                    "provider": ""
                },
                "aws_internet_gateway.InternetGateway": {
                    "type": "aws_internet_gateway",
                    "depends_on": [
                        "aws_vpc.main"
                    ],
                    "primary": {
                        "id": "igw-4086ba26",
                        "attributes": {
                            "id": "igw-4086ba26",
                            "tags.%": "3",
                            "tags.Application": "vv-2t",
                            "tags.Name": "vv-2t-InternetGateway",
                            "tags.Network": "MGMT",
                            "vpc_id": "vpc-85e4b3fc"
                        },
                        "meta": {},
                        "tainted": false
                    },
                    "deposed": [],
                    "provider": ""
                },
                "aws_network_acl.aclb765d6d2": {
                    "type": "aws_network_acl",
                    "depends_on": [
                        "aws_subnet.NewPublicSubnet",
                        "aws_subnet.NewWebSubnet",
                        "aws_vpc.main"
                    ],
                    "primary": {
                        "id": "acl-2060a458",
                        "attributes": {
                            "egress.#": "1",
                            "egress.1401401844.action": "allow",
                            "egress.1401401844.cidr_block": "0.0.0.0/0",
                            "egress.1401401844.from_port": "0",
                            "egress.1401401844.icmp_code": "0",
                            "egress.1401401844.icmp_type": "0",
                            "egress.1401401844.ipv6_cidr_block": "",
                            "egress.1401401844.protocol": "-1",
                            "egress.1401401844.rule_no": "100",
                            "egress.1401401844.to_port": "0",
                            "id": "acl-2060a458",
                            "ingress.#": "1",
                            "ingress.1401401844.action": "allow",
                            "ingress.1401401844.cidr_block": "0.0.0.0/0",
                            "ingress.1401401844.from_port": "0",
                            "ingress.1401401844.icmp_code": "0",
                            "ingress.1401401844.icmp_type": "0",
                            "ingress.1401401844.ipv6_cidr_block": "",
                            "ingress.1401401844.protocol": "-1",
                            "ingress.1401401844.rule_no": "100",
                            "ingress.1401401844.to_port": "0",
                            "subnet_ids.#": "2",
                            "subnet_ids.1418237540": "subnet-e60872ca",
                            "subnet_ids.1450081781": "subnet-a6146e8a",
                            "tags.%": "0",
                            "vpc_id": "vpc-85e4b3fc"
                        },
                        "meta": {},
                        "tainted": false
                    },
                    "deposed": [],
                    "provider": ""
                },
                "aws_network_acl_rule.acl1": {
                    "type": "aws_network_acl_rule",
                    "depends_on": [
                        "aws_network_acl.aclb765d6d2"
                    ],
                    "primary": {
                        "id": "nacl-3846361966",
                        "attributes": {
                            "cidr_block": "0.0.0.0/0",
                            "egress": "true",
                            "id": "nacl-3846361966",
                            "ipv6_cidr_block": "",
                            "network_acl_id": "acl-2060a458",
                            "protocol": "all",
                            "rule_action": "allow",
                            "rule_number": "100"
                        },
                        "meta": {},
                        "tainted": false
                    },
                    "deposed": [],
                    "provider": ""
                },
                "aws_network_acl_rule.acl2": {
                    "type": "aws_network_acl_rule",
                    "depends_on": [
                        "aws_network_acl.aclb765d6d2"
                    ],
                    "primary": {
                        "id": "nacl-4046572817",
                        "attributes": {
                            "cidr_block": "0.0.0.0/0",
                            "egress": "false",
                            "id": "nacl-4046572817",
                            "ipv6_cidr_block": "",
                            "network_acl_id": "acl-2060a458",
                            "protocol": "all",
                            "rule_action": "allow",
                            "rule_number": "100"
                        },
                        "meta": {},
                        "tainted": false
                    },
                    "deposed": [],
                    "provider": ""
                },
                "aws_network_interface.FWManagementNetworkInterface": {
                    "type": "aws_network_interface",
                    "depends_on": [
                        "aws_security_group.sgWideOpen",
                        "aws_subnet.NewPublicSubnet"
                    ],
                    "primary": {
                        "id": "eni-8571af24",
                        "attributes": {
                            "attachment.#": "0",
                            "description": "",
                            "id": "eni-8571af24",
                            "private_ip": "10.0.0.99",
                            "private_ips.#": "1",
                            "private_ips.754897330": "10.0.0.99",
                            "private_ips_count": "1",
                            "security_groups.#": "1",
                            "security_groups.3260465985": "sg-7919be09",
                            "source_dest_check": "false",
                            "subnet_id": "subnet-e60872ca",
                            "tags.%": "0"
                        },
                        "meta": {},
                        "tainted": false
                    },
                    "deposed": [],
                    "provider": ""
                },
                "aws_network_interface.FWPrivate12NetworkInterface": {
                    "type": "aws_network_interface",
                    "depends_on": [
                        "aws_security_group.sgWideOpen",
                        "aws_subnet.NewWebSubnet"
                    ],
                    "primary": {
                        "id": "eni-dd6ab47c",
                        "attributes": {
                            "attachment.#": "0",
                            "description": "",
                            "id": "eni-dd6ab47c",
                            "private_ip": "10.0.1.11",
                            "private_ips.#": "1",
                            "private_ips.1379972333": "10.0.1.11",
                            "private_ips_count": "1",
                            "security_groups.#": "1",
                            "security_groups.3260465985": "sg-7919be09",
                            "source_dest_check": "false",
                            "subnet_id": "subnet-a6146e8a",
                            "tags.%": "0"
                        },
                        "meta": {},
                        "tainted": false
                    },
                    "deposed": [],
                    "provider": ""
                },
                "aws_network_interface.FWPublicNetworkInterface": {
                    "type": "aws_network_interface",
                    "depends_on": [
                        "aws_security_group.sgWideOpen",
                        "aws_subnet.NewPublicSubnet"
                    ],
                    "primary": {
                        "id": "eni-2d71af8c",
                        "attributes": {
                            "attachment.#": "0",
                            "description": "",
                            "id": "eni-2d71af8c",
                            "private_ip": "10.0.0.100",
                            "private_ips.#": "1",
                            "private_ips.239671713": "10.0.0.100",
                            "private_ips_count": "1",
                            "security_groups.#": "1",
                            "security_groups.3260465985": "sg-7919be09",
                            "source_dest_check": "false",
                            "subnet_id": "subnet-e60872ca",
                            "tags.%": "0"
                        },
                        "meta": {},
                        "tainted": false
                    },
                    "deposed": [],
                    "provider": ""
                },
                "aws_network_interface.WPNetworkInterface": {
                    "type": "aws_network_interface",
                    "depends_on": [
                        "aws_security_group.sgWideOpen",
                        "aws_subnet.NewWebSubnet"
                    ],
                    "primary": {
                        "id": "eni-ae6ab40f",
                        "attributes": {
                            "attachment.#": "0",
                            "description": "",
                            "id": "eni-ae6ab40f",
                            "private_ip": "10.0.1.101",
                            "private_ips.#": "1",
                            "private_ips.1143865479": "10.0.1.101",
                            "private_ips_count": "1",
                            "security_groups.#": "1",
                            "security_groups.3260465985": "sg-7919be09",
                            "source_dest_check": "false",
                            "subnet_id": "subnet-a6146e8a",
                            "tags.%": "0"
                        },
                        "meta": {},
                        "tainted": false
                    },
                    "deposed": [],
                    "provider": ""
                },
                "aws_route.route1": {
                    "type": "aws_route",
                    "depends_on": [
                        "aws_internet_gateway.InternetGateway",
                        "aws_route_table.rtb059a2460"
                    ],
                    "primary": {
                        "id": "r-rtb-de3cd2a51080289494",
                        "attributes": {
                            "destination_cidr_block": "0.0.0.0/0",
                            "destination_prefix_list_id": "",
                            "egress_only_gateway_id": "",
                            "gateway_id": "igw-4086ba26",
                            "id": "r-rtb-de3cd2a51080289494",
                            "instance_id": "",
                            "instance_owner_id": "",
                            "nat_gateway_id": "",
                            "network_interface_id": "",
                            "origin": "CreateRoute",
                            "route_table_id": "rtb-de3cd2a5",
                            "state": "active",
                            "vpc_peering_connection_id": ""
                        },
                        "meta": {},
                        "tainted": false
                    },
                    "deposed": [],
                    "provider": ""
                },
                "aws_route.route2": {
                    "type": "aws_route",
                    "depends_on": [
                        "aws_internet_gateway.InternetGateway",
                        "aws_route_table.rtb049a2461"
                    ],
                    "primary": {
                        "id": "r-rtb-3d3ed0461080289494",
                        "attributes": {
                            "destination_cidr_block": "0.0.0.0/0",
                            "destination_prefix_list_id": "",
                            "egress_only_gateway_id": "",
                            "gateway_id": "igw-4086ba26",
                            "id": "r-rtb-3d3ed0461080289494",
                            "instance_id": "",
                            "instance_owner_id": "",
                            "nat_gateway_id": "",
                            "network_interface_id": "",
                            "origin": "CreateRoute",
                            "route_table_id": "rtb-3d3ed046",
                            "state": "active",
                            "vpc_peering_connection_id": ""
                        },
                        "meta": {},
                        "tainted": false
                    },
                    "deposed": [],
                    "provider": ""
                },
                "aws_route_table.rtb049a2461": {
                    "type": "aws_route_table",
                    "depends_on": [
                        "aws_vpc.main"
                    ],
                    "primary": {
                        "id": "rtb-3d3ed046",
                        "attributes": {
                            "id": "rtb-3d3ed046",
                            "propagating_vgws.#": "0",
                            "route.#": "1",
                            "route.1874413101.cidr_block": "0.0.0.0/0",
                            "route.1874413101.egress_only_gateway_id": "",
                            "route.1874413101.gateway_id": "igw-4086ba26",
                            "route.1874413101.instance_id": "",
                            "route.1874413101.ipv6_cidr_block": "",
                            "route.1874413101.nat_gateway_id": "",
                            "route.1874413101.network_interface_id": "",
                            "route.1874413101.vpc_peering_connection_id": "",
                            "tags.%": "0",
                            "vpc_id": "vpc-85e4b3fc"
                        },
                        "meta": {},
                        "tainted": false
                    },
                    "deposed": [],
                    "provider": ""
                },
                "aws_route_table.rtb059a2460": {
                    "type": "aws_route_table",
                    "depends_on": [
                        "aws_vpc.main"
                    ],
                    "primary": {
                        "id": "rtb-de3cd2a5",
                        "attributes": {
                            "id": "rtb-de3cd2a5",
                            "propagating_vgws.#": "0",
                            "route.#": "1",
                            "route.1874413101.cidr_block": "0.0.0.0/0",
                            "route.1874413101.egress_only_gateway_id": "",
                            "route.1874413101.gateway_id": "igw-4086ba26",
                            "route.1874413101.instance_id": "",
                            "route.1874413101.ipv6_cidr_block": "",
                            "route.1874413101.nat_gateway_id": "",
                            "route.1874413101.network_interface_id": "",
                            "route.1874413101.vpc_peering_connection_id": "",
                            "tags.%": "0",
                            "vpc_id": "vpc-85e4b3fc"
                        },
                        "meta": {},
                        "tainted": false
                    },
                    "deposed": [],
                    "provider": ""
                },
                "aws_route_table_association.subnetroute2": {
                    "type": "aws_route_table_association",
                    "depends_on": [
                        "aws_route_table.rtb049a2461",
                        "aws_subnet.NewPublicSubnet"
                    ],
                    "primary": {
                        "id": "rtbassoc-f5fa4c8f",
                        "attributes": {
                            "id": "rtbassoc-f5fa4c8f",
                            "route_table_id": "rtb-3d3ed046",
                            "subnet_id": "subnet-e60872ca"
                        },
                        "meta": {},
                        "tainted": false
                    },
                    "deposed": [],
                    "provider": ""
                },
                "aws_security_group.sgWideOpen": {
                    "type": "aws_security_group",
                    "depends_on": [
                        "aws_vpc.main"
                    ],
                    "primary": {
                        "id": "sg-7919be09",
                        "attributes": {
                            "description": "Wide open security group",
                            "egress.#": "1",
                            "egress.482069346.cidr_blocks.#": "1",
                            "egress.482069346.cidr_blocks.0": "0.0.0.0/0",
                            "egress.482069346.from_port": "0",
                            "egress.482069346.ipv6_cidr_blocks.#": "0",
                            "egress.482069346.prefix_list_ids.#": "0",
                            "egress.482069346.protocol": "-1",
                            "egress.482069346.security_groups.#": "0",
                            "egress.482069346.self": "false",
                            "egress.482069346.to_port": "0",
                            "id": "sg-7919be09",
                            "ingress.#": "1",
                            "ingress.482069346.cidr_blocks.#": "1",
                            "ingress.482069346.cidr_blocks.0": "0.0.0.0/0",
                            "ingress.482069346.from_port": "0",
                            "ingress.482069346.ipv6_cidr_blocks.#": "0",
                            "ingress.482069346.protocol": "-1",
                            "ingress.482069346.security_groups.#": "0",
                            "ingress.482069346.self": "false",
                            "ingress.482069346.to_port": "0",
                            "name": "sgWideOpen",
                            "owner_id": "140651570565",
                            "tags.%": "0",
                            "vpc_id": "vpc-85e4b3fc"
                        },
                        "meta": {},
                        "tainted": false
                    },
                    "deposed": [],
                    "provider": ""
                },
                "aws_subnet.NewPublicSubnet": {
                    "type": "aws_subnet",
                    "depends_on": [
                        "aws_vpc.main",
                        "data.aws_availability_zones.available"
                    ],
                    "primary": {
                        "id": "subnet-e60872ca",
                        "attributes": {
                            "assign_ipv6_address_on_creation": "false",
                            "availability_zone": "us-east-1a",
                            "cidr_block": "10.0.0.0/24",
                            "id": "subnet-e60872ca",
                            "map_public_ip_on_launch": "false",
                            "tags.%": "2",
                            "tags.Application": "vv-2t",
                            "tags.Name": "vv-2tNewPublicSubnet",
                            "vpc_id": "vpc-85e4b3fc"
                        },
                        "meta": {
                            "schema_version": "1"
                        },
                        "tainted": false
                    },
                    "deposed": [],
                    "provider": ""
                },
                "aws_subnet.NewWebSubnet": {
                    "type": "aws_subnet",
                    "depends_on": [
                        "aws_vpc.main",
                        "data.aws_availability_zones.available"
                    ],
                    "primary": {
                        "id": "subnet-a6146e8a",
                        "attributes": {
                            "assign_ipv6_address_on_creation": "false",
                            "availability_zone": "us-east-1a",
                            "cidr_block": "10.0.1.0/24",
                            "id": "subnet-a6146e8a",
                            "map_public_ip_on_launch": "false",
                            "tags.%": "2",
                            "tags.Application": "vv-2t",
                            "tags.Name": "vv-2tNewWebSubnet",
                            "vpc_id": "vpc-85e4b3fc"
                        },
                        "meta": {
                            "schema_version": "1"
                        },
                        "tainted": false
                    },
                    "deposed": [],
                    "provider": ""
                },
                "aws_vpc.main": {
                    "type": "aws_vpc",
                    "depends_on": [],
                    "primary": {
                        "id": "vpc-85e4b3fc",
                        "attributes": {
                            "assign_generated_ipv6_cidr_block": "false",
                            "cidr_block": "10.0.0.0/16",
                            "default_network_acl_id": "acl-32589c4a",
                            "default_route_table_id": "rtb-8c24caf7",
                            "default_security_group_id": "sg-27e64057",
                            "dhcp_options_id": "dopt-02cdfa64",
                            "enable_classiclink": "false",
                            "enable_dns_hostnames": "false",
                            "enable_dns_support": "true",
                            "id": "vpc-85e4b3fc",
                            "instance_tenancy": "default",
                            "main_route_table_id": "rtb-8c24caf7",
                            "tags.%": "3",
                            "tags.Application": "vv-2t",
                            "tags.Name": "vv-2t-vpc",
                            "tags.Network": "MGMT"
                        },
                        "meta": {
                            "schema_version": "1"
                        },
                        "tainted": false
                    },
                    "deposed": [],
                    "provider": ""
                },
                "aws_vpc_dhcp_options.dopt21c7d043": {
                    "type": "aws_vpc_dhcp_options",
                    "depends_on": [],
                    "primary": {
                        "id": "dopt-02cdfa64",
                        "attributes": {
                            "domain_name": "us-west-2.compute.internal",
                            "domain_name_servers.#": "1",
                            "domain_name_servers.0": "AmazonProvidedDNS",
                            "id": "dopt-02cdfa64",
                            "tags.%": "0"
                        },
                        "meta": {},
                        "tainted": false
                    },
                    "deposed": [],
                    "provider": ""
                },
                "aws_vpc_dhcp_options_association.dchpassoc1": {
                    "type": "aws_vpc_dhcp_options_association",
                    "depends_on": [
                        "aws_vpc.main",
                        "aws_vpc_dhcp_options.dopt21c7d043"
                    ],
                    "primary": {
                        "id": "dopt-02cdfa64-vpc-85e4b3fc",
                        "attributes": {
                            "dhcp_options_id": "dopt-02cdfa64",
                            "id": "dopt-02cdfa64-vpc-85e4b3fc",
                            "vpc_id": "vpc-85e4b3fc"
                        },
                        "meta": {},
                        "tainted": false
                    },
                    "deposed": [],
                    "provider": ""
                },
                "data.aws_availability_zones.available": {
                    "type": "aws_availability_zones",
                    "depends_on": [],
                    "primary": {
                        "id": "2017-08-15 18:37:09.177468289 +0000 UTC",
                        "attributes": {
                            "id": "2017-08-15 18:37:09.177468289 +0000 UTC",
                            "names.#": "6",
                            "names.0": "us-east-1a",
                            "names.1": "us-east-1b",
                            "names.2": "us-east-1c",
                            "names.3": "us-east-1d",
                            "names.4": "us-east-1e",
                            "names.5": "us-east-1f"
                        },
                        "meta": {},
                        "tainted": false
                    },
                    "deposed": [],
                    "provider": ""
                },
                "null_resource.check_fw_ready": {
                    "type": "null_resource",
                    "depends_on": [
                        "aws_eip.ManagementElasticIP",
                        "aws_instance.FWInstance"
                    ],
                    "primary": {
                        "id": "41008075467453876",
                        "attributes": {
                            "id": "41008075467453876",
                            "triggers.%": "1",
                            "triggers.key": "i-0ec7174881ad6937f"
                        },
                        "meta": {},
                        "tainted": false
                    },
                    "deposed": [],
                    "provider": ""
                }
            },
            "depends_on": []
        }
    ]
}
